
Microsoft Visual Studio Solution File, Format Version 12.00
# Visual Studio 15
VisualStudioVersion = 15.0.35213.121
MinimumVisualStudioVersion = 10.0.40219.1
Project("{FAE04EC0-301F-11D3-BF4B-00C04F79EFBC}") = "lab3", "lab3\lab3.csproj", "{B3B88971-DCF4-4D45-BAA2-B4657F479222}"
EndProject
Global
	GlobalSection(SolutionConfigurationPlatforms) = preSolution
		Debug|Any CPU = Debug|Any CPU
		Release|Any CPU = Release|Any CPU
	EndGlobalSection
	GlobalSection(ProjectConfigurationPlatforms) = postSolution
		{B3B88971-DCF4-4D45-BAA2-B4657F479222}.Debug|Any CPU.ActiveCfg = Debug|Any CPU
		{B3B88971-DCF4-4D45-BAA2-B4657F479222}.Debug|Any CPU.Build.0 = Debug|Any CPU
		{B3B88971-DCF4-4D45-BAA2-B4657F479222}.Release|Any CPU.ActiveCfg = Release|Any CPU
		{B3B88971-DCF4-4D45-BAA2-B4657F479222}.Release|Any CPU.Build.0 = Release|Any CPU
	EndGlobalSection
	GlobalSection(SolutionProperties) = preSolution
		HideSolutionNode = FALSE
	EndGlobalSection
	GlobalSection(ExtensibilityGlobals) = postSolution
		SolutionGuid = {DD0F2719-8F52-426C-85CA-645F3B8FD239}
	EndGlobalSection
EndGlobal
